
Microsoft Visual Studio Solution File, Format Version 12.00
# Visual Studio Version 17
VisualStudioVersion = 17.13.35828.75 d17.13
MinimumVisualStudioVersion = 10.0.40219.1
Project("{FAE04EC0-301F-11D3-BF4B-00C04F79EFBC}") = "ServicesRegisterTool", "ServicesRegisterTool.csproj", "{B55209F9-B9A3-41AD-9A4C-2483FF55CDF0}"
EndProject
Global
	GlobalSection(SolutionConfigurationPlatforms) = preSolution
		Debug|Any CPU = Debug|Any CPU
		Release|Any CPU = Release|Any CPU
	EndGlobalSection
	GlobalSection(ProjectConfigurationPlatforms) = postSolution
		{B55209F9-B9A3-41AD-9A4C-2483FF55CDF0}.Debug|Any CPU.ActiveCfg = Debug|Any CPU
		{B55209F9-B9A3-41AD-9A4C-2483FF55CDF0}.Debug|Any CPU.Build.0 = Debug|Any CPU
		{B55209F9-B9A3-41AD-9A4C-2483FF55CDF0}.Release|Any CPU.ActiveCfg = Release|Any CPU
		{B55209F9-B9A3-41AD-9A4C-2483FF55CDF0}.Release|Any CPU.Build.0 = Release|Any CPU
	EndGlobalSection
	GlobalSection(SolutionProperties) = preSolution
		HideSolutionNode = FALSE
	EndGlobalSection
	GlobalSection(ExtensibilityGlobals) = postSolution
		SolutionGuid = {1D743C79-3CD3-4851-A6DE-A6E5568F47FC}
	EndGlobalSection
EndGlobal
