
Microsoft Visual Studio Solution File, Format Version 12.00
# Visual Studio Version 17
VisualStudioVersion = 17.13.35828.75 d17.13
MinimumVisualStudioVersion = 10.0.40219.1
Project("{FAE04EC0-301F-11D3-BF4B-00C04F79EFBC}") = "ServicesDemo", "ServicesDemo.csproj", "{F48B30B8-E2C9-4474-9CD3-3E4FFC46FF9B}"
EndProject
Global
	GlobalSection(SolutionConfigurationPlatforms) = preSolution
		Debug|Any CPU = Debug|Any CPU
		Release|Any CPU = Release|Any CPU
	EndGlobalSection
	GlobalSection(ProjectConfigurationPlatforms) = postSolution
		{F48B30B8-E2C9-4474-9CD3-3E4FFC46FF9B}.Debug|Any CPU.ActiveCfg = Debug|Any CPU
		{F48B30B8-E2C9-4474-9CD3-3E4FFC46FF9B}.Debug|Any CPU.Build.0 = Debug|Any CPU
		{F48B30B8-E2C9-4474-9CD3-3E4FFC46FF9B}.Release|Any CPU.ActiveCfg = Release|Any CPU
		{F48B30B8-E2C9-4474-9CD3-3E4FFC46FF9B}.Release|Any CPU.Build.0 = Release|Any CPU
	EndGlobalSection
	GlobalSection(SolutionProperties) = preSolution
		HideSolutionNode = FALSE
	EndGlobalSection
	GlobalSection(ExtensibilityGlobals) = postSolution
		SolutionGuid = {492691B3-0A84-46A3-A420-2F8FD7B55823}
	EndGlobalSection
EndGlobal
